
Microsoft Visual Studio Solution File, Format Version 12.00
# Visual Studio Version 16
VisualStudioVersion = 16.0.31424.327
MinimumVisualStudioVersion = 10.0.40219.1
Project("{FAE04EC0-301F-11D3-BF4B-00C04F79EFBC}") = "YachtingAirBnb", "YachtingAirBnb\YachtingAirBnb.csproj", "{AAF91AB1-A9D1-43DD-85A3-BA4955C7F1A9}"
EndProject
Global
	GlobalSection(SolutionConfigurationPlatforms) = preSolution
		Debug|Any CPU = Debug|Any CPU
		Release|Any CPU = Release|Any CPU
	EndGlobalSection
	GlobalSection(ProjectConfigurationPlatforms) = postSolution
		{AAF91AB1-A9D1-43DD-85A3-BA4955C7F1A9}.Debug|Any CPU.ActiveCfg = Debug|Any CPU
		{AAF91AB1-A9D1-43DD-85A3-BA4955C7F1A9}.Debug|Any CPU.Build.0 = Debug|Any CPU
		{AAF91AB1-A9D1-43DD-85A3-BA4955C7F1A9}.Release|Any CPU.ActiveCfg = Release|Any CPU
		{AAF91AB1-A9D1-43DD-85A3-BA4955C7F1A9}.Release|Any CPU.Build.0 = Release|Any CPU
	EndGlobalSection
	GlobalSection(SolutionProperties) = preSolution
		HideSolutionNode = FALSE
	EndGlobalSection
	GlobalSection(ExtensibilityGlobals) = postSolution
		SolutionGuid = {5B5F8516-B79E-454E-9C2F-09DB16105B6A}
	EndGlobalSection
EndGlobal
